# my-project — personal/local repo: ven (infra / devops)
# Pinned enterprise skills (capsule pull <id>@<version>). Memory in Backboard.

[skills]
docker-containerization  = 1.0.0
kubernetes-orchestration = 1.0.0
ci-cd-pipelines          = 1.0.0
structured-logging       = 1.0.0
observability-tracing    = 1.0.0

[contributed]
CAP-V001 = deduped -> skill/command-verification (canonical; authors: ven, dee)

[source]
registry = capsule://capsule-enterprise-skills
remote   = master
