# my-project — pinned enterprise skills (personal/local repo: ven)
# Format: <skill-id> = <pinned-version>   # source: capsule pull
# Skills distilled from real Claude Code sessions via local Ollama; memory in Backboard.
[skills]
command-verification = 1.0.0   # PINNED OLD (master is 2.0.0) — ven's own CAP-V001 deduped INTO this canonical 1.0.0 finding (system-state inspection); co-credited with dee
api-security         = 1.0.0   # current with master
memory-management    = 1.0.0   # current with master

[contributed]
# capsule submitted by ven and merged up the loop (see contributed-capsules/)
CAP-V001 = deduped -> skill/command-verification (canonical; authors: ven, dee)

[source]
registry = capsule://capsule-enterprise-skills
remote   = master
